// !$*UTF8*$!
{
	archiveVersion = 1;
	classes = {
	};
	objectVersion = 46;
	objects = {

/* Begin PBXBuildFile section */
		429DB3A91C7BD8DC0089A732 /* AppDelegate.swift in Sources */ = {isa = PBXBuildFile; fileRef = 429DB3A81C7BD8DC0089A732 /* AppDelegate.swift */; };
		429DB3AE1C7BD8DC0089A732 /* Main.storyboard in Resources */ = {isa = PBXBuildFile; fileRef = 429DB3AC1C7BD8DC0089A732 /* Main.storyboard */; };
		429DB3B11C7BD8DC0089A732 /* SwiftTodos.xcdatamodeld in Sources */ = {isa = PBXBuildFile; fileRef = 429DB3AF1C7BD8DC0089A732 /* SwiftTodos.xcdatamodeld */; };
		429DB3B31C7BD8DC0089A732 /* Assets.xcassets in Resources */ = {isa = PBXBuildFile; fileRef = 429DB3B21C7BD8DC0089A732 /* Assets.xcassets */; };
		429DB3B61C7BD8DC0089A732 /* LaunchScreen.storyboard in Resources */ = {isa = PBXBuildFile; fileRef = 429DB3B41C7BD8DC0089A732 /* LaunchScreen.storyboard */; };
		429DB3C11C7BDE0E0089A732 /* EntityTableViewCell.swift in Sources */ = {isa = PBXBuildFile; fileRef = 429DB3BE1C7BDE0E0089A732 /* EntityTableViewCell.swift */; };
		429DB3C51C7BE7900089A732 /* Done.png in Resources */ = {isa = PBXBuildFile; fileRef = 429DB3C31C7BE7900089A732 /* Done.png */; };
		429DB3C61C7BE7900089A732 /* NotDone.png in Resources */ = {isa = PBXBuildFile; fileRef = 429DB3C41C7BE7900089A732 /* NotDone.png */; };
		429DB3C81C7BEBCF0089A732 /* TodoTableViewController.swift in Sources */ = {isa = PBXBuildFile; fileRef = 429DB3C71C7BEBCF0089A732 /* TodoTableViewController.swift */; };
		429DB3CA1C7BEBDD0089A732 /* CategoryTableViewController.swift in Sources */ = {isa = PBXBuildFile; fileRef = 429DB3C91C7BEBDD0089A732 /* CategoryTableViewController.swift */; };
		429DB3CC1C7BEBF20089A732 /* TodoTableViewCell.swift in Sources */ = {isa = PBXBuildFile; fileRef = 429DB3CB1C7BEBF20089A732 /* TodoTableViewCell.swift */; };
		429DB3CE1C7BEBFC0089A732 /* CategoryTableViewCell.swift in Sources */ = {isa = PBXBuildFile; fileRef = 429DB3CD1C7BEBFC0089A732 /* CategoryTableViewCell.swift */; };
		429DB3D01C7BEC150089A732 /* TodoDetailViewController.swift in Sources */ = {isa = PBXBuildFile; fileRef = 429DB3CF1C7BEC150089A732 /* TodoDetailViewController.swift */; };
		429DB3D21C7BEC210089A732 /* CategoryDetailViewController.swift in Sources */ = {isa = PBXBuildFile; fileRef = 429DB3D11C7BEC210089A732 /* CategoryDetailViewController.swift */; };
		429DB3D41C7BEC370089A732 /* TodoDataSource.swift in Sources */ = {isa = PBXBuildFile; fileRef = 429DB3D31C7BEC370089A732 /* TodoDataSource.swift */; };
		429DB3D61C7BEC440089A732 /* CategoryDataSource.swift in Sources */ = {isa = PBXBuildFile; fileRef = 429DB3D51C7BEC440089A732 /* CategoryDataSource.swift */; };
		429DB3DB1C7BEE440089A732 /* Todo+CoreDataProperties.swift in Sources */ = {isa = PBXBuildFile; fileRef = 429DB3D71C7BEE440089A732 /* Todo+CoreDataProperties.swift */; };
		429DB3DC1C7BEE440089A732 /* Todo.swift in Sources */ = {isa = PBXBuildFile; fileRef = 429DB3D81C7BEE440089A732 /* Todo.swift */; };
		429DB3DD1C7BEE440089A732 /* TodoCategory+CoreDataProperties.swift in Sources */ = {isa = PBXBuildFile; fileRef = 429DB3D91C7BEE440089A732 /* TodoCategory+CoreDataProperties.swift */; };
		429DB3DE1C7BEE440089A732 /* TodoCategory.swift in Sources */ = {isa = PBXBuildFile; fileRef = 429DB3DA1C7BEE440089A732 /* TodoCategory.swift */; };
		42A1A29E1C837A0B002A0F5F /* EntityDataSource.swift in Sources */ = {isa = PBXBuildFile; fileRef = 42A1A29D1C837A0B002A0F5F /* EntityDataSource.swift */; };
		42A1A2A01C837A36002A0F5F /* EntityTableViewDataSource.swift in Sources */ = {isa = PBXBuildFile; fileRef = 42A1A29F1C837A36002A0F5F /* EntityTableViewDataSource.swift */; };
		42A1A2A21C83A2D5002A0F5F /* CategoryDetailDataSource.swift in Sources */ = {isa = PBXBuildFile; fileRef = 42A1A2A11C83A2D5002A0F5F /* CategoryDetailDataSource.swift */; };
		42A1A2A41C83A5F2002A0F5F /* EntityPickerViewDataSource.swift in Sources */ = {isa = PBXBuildFile; fileRef = 42A1A2A31C83A5F2002A0F5F /* EntityPickerViewDataSource.swift */; };
		42A1A2A61C83C2F7002A0F5F /* CategoryPickerViewDataSource.swift in Sources */ = {isa = PBXBuildFile; fileRef = 42A1A2A51C83C2F7002A0F5F /* CategoryPickerViewDataSource.swift */; };
		42A1A2A81C83D552002A0F5F /* enums.swift in Sources */ = {isa = PBXBuildFile; fileRef = 42A1A2A71C83D552002A0F5F /* enums.swift */; };
/* End PBXBuildFile section */

/* Begin PBXFileReference section */
		429DB3A51C7BD8DC0089A732 /* SwiftTodos.app */ = {isa = PBXFileReference; explicitFileType = wrapper.application; includeInIndex = 0; path = SwiftTodos.app; sourceTree = BUILT_PRODUCTS_DIR; };
		429DB3A81C7BD8DC0089A732 /* AppDelegate.swift */ = {isa = PBXFileReference; lastKnownFileType = sourcecode.swift; path = AppDelegate.swift; sourceTree = "<group>"; };
		429DB3AD1C7BD8DC0089A732 /* Base */ = {isa = PBXFileReference; lastKnownFileType = file.storyboard; name = Base; path = Base.lproj/Main.storyboard; sourceTree = "<group>"; };
		429DB3B01C7BD8DC0089A732 /* SwiftTodos.xcdatamodel */ = {isa = PBXFileReference; lastKnownFileType = wrapper.xcdatamodel; path = SwiftTodos.xcdatamodel; sourceTree = "<group>"; };
		429DB3B21C7BD8DC0089A732 /* Assets.xcassets */ = {isa = PBXFileReference; lastKnownFileType = folder.assetcatalog; path = Assets.xcassets; sourceTree = "<group>"; };
		429DB3B51C7BD8DC0089A732 /* Base */ = {isa = PBXFileReference; lastKnownFileType = file.storyboard; name = Base; path = Base.lproj/LaunchScreen.storyboard; sourceTree = "<group>"; };
		429DB3B71C7BD8DC0089A732 /* Info.plist */ = {isa = PBXFileReference; lastKnownFileType = text.plist.xml; path = Info.plist; sourceTree = "<group>"; };
		429DB3BE1C7BDE0E0089A732 /* EntityTableViewCell.swift */ = {isa = PBXFileReference; fileEncoding = 4; lastKnownFileType = sourcecode.swift; path = EntityTableViewCell.swift; sourceTree = "<group>"; };
		429DB3C31C7BE7900089A732 /* Done.png */ = {isa = PBXFileReference; lastKnownFileType = image.png; path = Done.png; sourceTree = "<group>"; };
		429DB3C41C7BE7900089A732 /* NotDone.png */ = {isa = PBXFileReference; lastKnownFileType = image.png; path = NotDone.png; sourceTree = "<group>"; };
		429DB3C71C7BEBCF0089A732 /* TodoTableViewController.swift */ = {isa = PBXFileReference; fileEncoding = 4; lastKnownFileType = sourcecode.swift; path = TodoTableViewController.swift; sourceTree = "<group>"; };
		429DB3C91C7BEBDD0089A732 /* CategoryTableViewController.swift */ = {isa = PBXFileReference; fileEncoding = 4; lastKnownFileType = sourcecode.swift; path = CategoryTableViewController.swift; sourceTree = "<group>"; };
		429DB3CB1C7BEBF20089A732 /* TodoTableViewCell.swift */ = {isa = PBXFileReference; fileEncoding = 4; lastKnownFileType = sourcecode.swift; path = TodoTableViewCell.swift; sourceTree = "<group>"; };
		429DB3CD1C7BEBFC0089A732 /* CategoryTableViewCell.swift */ = {isa = PBXFileReference; fileEncoding = 4; lastKnownFileType = sourcecode.swift; path = CategoryTableViewCell.swift; sourceTree = "<group>"; };
		429DB3CF1C7BEC150089A732 /* TodoDetailViewController.swift */ = {isa = PBXFileReference; fileEncoding = 4; lastKnownFileType = sourcecode.swift; path = TodoDetailViewController.swift; sourceTree = "<group>"; };
		429DB3D11C7BEC210089A732 /* CategoryDetailViewController.swift */ = {isa = PBXFileReference; fileEncoding = 4; lastKnownFileType = sourcecode.swift; path = CategoryDetailViewController.swift; sourceTree = "<group>"; };
		429DB3D31C7BEC370089A732 /* TodoDataSource.swift */ = {isa = PBXFileReference; fileEncoding = 4; lastKnownFileType = sourcecode.swift; path = TodoDataSource.swift; sourceTree = "<group>"; };
		429DB3D51C7BEC440089A732 /* CategoryDataSource.swift */ = {isa = PBXFileReference; fileEncoding = 4; lastKnownFileType = sourcecode.swift; path = CategoryDataSource.swift; sourceTree = "<group>"; };
		429DB3D71C7BEE440089A732 /* Todo+CoreDataProperties.swift */ = {isa = PBXFileReference; fileEncoding = 4; lastKnownFileType = sourcecode.swift; path = "Todo+CoreDataProperties.swift"; sourceTree = "<group>"; };
		429DB3D81C7BEE440089A732 /* Todo.swift */ = {isa = PBXFileReference; fileEncoding = 4; lastKnownFileType = sourcecode.swift; path = Todo.swift; sourceTree = "<group>"; };
		429DB3D91C7BEE440089A732 /* TodoCategory+CoreDataProperties.swift */ = {isa = PBXFileReference; fileEncoding = 4; lastKnownFileType = sourcecode.swift; path = "TodoCategory+CoreDataProperties.swift"; sourceTree = "<group>"; };
		429DB3DA1C7BEE440089A732 /* TodoCategory.swift */ = {isa = PBXFileReference; fileEncoding = 4; lastKnownFileType = sourcecode.swift; path = TodoCategory.swift; sourceTree = "<group>"; };
		42A1A29D1C837A0B002A0F5F /* EntityDataSource.swift */ = {isa = PBXFileReference; fileEncoding = 4; lastKnownFileType = sourcecode.swift; path = EntityDataSource.swift; sourceTree = "<group>"; };
		42A1A29F1C837A36002A0F5F /* EntityTableViewDataSource.swift */ = {isa = PBXFileReference; fileEncoding = 4; lastKnownFileType = sourcecode.swift; path = EntityTableViewDataSource.swift; sourceTree = "<group>"; };
		42A1A2A11C83A2D5002A0F5F /* CategoryDetailDataSource.swift */ = {isa = PBXFileReference; fileEncoding = 4; lastKnownFileType = sourcecode.swift; path = CategoryDetailDataSource.swift; sourceTree = "<group>"; };
		42A1A2A31C83A5F2002A0F5F /* EntityPickerViewDataSource.swift */ = {isa = PBXFileReference; fileEncoding = 4; lastKnownFileType = sourcecode.swift; path = EntityPickerViewDataSource.swift; sourceTree = "<group>"; };
		42A1A2A51C83C2F7002A0F5F /* CategoryPickerViewDataSource.swift */ = {isa = PBXFileReference; fileEncoding = 4; lastKnownFileType = sourcecode.swift; path = CategoryPickerViewDataSource.swift; sourceTree = "<group>"; };
		42A1A2A71C83D552002A0F5F /* enums.swift */ = {isa = PBXFileReference; fileEncoding = 4; lastKnownFileType = sourcecode.swift; path = enums.swift; sourceTree = "<group>"; };
/* End PBXFileReference section */

/* Begin PBXFrameworksBuildPhase section */
		429DB3A21C7BD8DC0089A732 /* Frameworks */ = {
			isa = PBXFrameworksBuildPhase;
			buildActionMask = 2147483647;
			files = (
			);
			runOnlyForDeploymentPostprocessing = 0;
		};
/* End PBXFrameworksBuildPhase section */

/* Begin PBXGroup section */
		429DB39C1C7BD8DC0089A732 = {
			isa = PBXGroup;
			children = (
				429DB3A71C7BD8DC0089A732 /* SwiftTodos */,
				429DB3A61C7BD8DC0089A732 /* Products */,
			);
			sourceTree = "<group>";
		};
		429DB3A61C7BD8DC0089A732 /* Products */ = {
			isa = PBXGroup;
			children = (
				429DB3A51C7BD8DC0089A732 /* SwiftTodos.app */,
			);
			name = Products;
			sourceTree = "<group>";
		};
		429DB3A71C7BD8DC0089A732 /* SwiftTodos */ = {
			isa = PBXGroup;
			children = (
				429DB3A81C7BD8DC0089A732 /* AppDelegate.swift */,
				42A1A2A71C83D552002A0F5F /* enums.swift */,
				429DB3DF1C7BEFC70089A732 /* Model */,
				429DB3E01C7BEFF70089A732 /* ViewControllers */,
				429DB3E11C7BF00D0089A732 /* Views */,
				429DB3E21C7BF0180089A732 /* DataSources */,
				429DB3AC1C7BD8DC0089A732 /* Main.storyboard */,
				429DB3B21C7BD8DC0089A732 /* Assets.xcassets */,
				429DB3B41C7BD8DC0089A732 /* LaunchScreen.storyboard */,
				429DB3C31C7BE7900089A732 /* Done.png */,
				429DB3C41C7BE7900089A732 /* NotDone.png */,
				429DB3B71C7BD8DC0089A732 /* Info.plist */,
				429DB3AF1C7BD8DC0089A732 /* SwiftTodos.xcdatamodeld */,
			);
			path = SwiftTodos;
			sourceTree = "<group>";
		};
		429DB3DF1C7BEFC70089A732 /* Model */ = {
			isa = PBXGroup;
			children = (
				429DB3D71C7BEE440089A732 /* Todo+CoreDataProperties.swift */,
				429DB3D81C7BEE440089A732 /* Todo.swift */,
				429DB3D91C7BEE440089A732 /* TodoCategory+CoreDataProperties.swift */,
				429DB3DA1C7BEE440089A732 /* TodoCategory.swift */,
			);
			name = Model;
			sourceTree = "<group>";
		};
		429DB3E01C7BEFF70089A732 /* ViewControllers */ = {
			isa = PBXGroup;
			children = (
				429DB3C71C7BEBCF0089A732 /* TodoTableViewController.swift */,
				429DB3C91C7BEBDD0089A732 /* CategoryTableViewController.swift */,
				429DB3CF1C7BEC150089A732 /* TodoDetailViewController.swift */,
				429DB3D11C7BEC210089A732 /* CategoryDetailViewController.swift */,
			);
			name = ViewControllers;
			sourceTree = "<group>";
		};
		429DB3E11C7BF00D0089A732 /* Views */ = {
			isa = PBXGroup;
			children = (
				429DB3BE1C7BDE0E0089A732 /* EntityTableViewCell.swift */,
				429DB3CB1C7BEBF20089A732 /* TodoTableViewCell.swift */,
				429DB3CD1C7BEBFC0089A732 /* CategoryTableViewCell.swift */,
			);
			name = Views;
			sourceTree = "<group>";
		};
		429DB3E21C7BF0180089A732 /* DataSources */ = {
			isa = PBXGroup;
			children = (
				429DB3D31C7BEC370089A732 /* TodoDataSource.swift */,
				429DB3D51C7BEC440089A732 /* CategoryDataSource.swift */,
				42A1A2A11C83A2D5002A0F5F /* CategoryDetailDataSource.swift */,
				42A1A2A51C83C2F7002A0F5F /* CategoryPickerViewDataSource.swift */,
				42A1A29D1C837A0B002A0F5F /* EntityDataSource.swift */,
				42A1A2A31C83A5F2002A0F5F /* EntityPickerViewDataSource.swift */,
				42A1A29F1C837A36002A0F5F /* EntityTableViewDataSource.swift */,
			);
			name = DataSources;
			sourceTree = "<group>";
		};
/* End PBXGroup section */

/* Begin PBXNativeTarget section */
		429DB3A41C7BD8DC0089A732 /* SwiftTodos */ = {
			isa = PBXNativeTarget;
			buildConfigurationList = 429DB3BA1C7BD8DC0089A732 /* Build configuration list for PBXNativeTarget "SwiftTodos" */;
			buildPhases = (
				429DB3A11C7BD8DC0089A732 /* Sources */,
				429DB3A21C7BD8DC0089A732 /* Frameworks */,
				429DB3A31C7BD8DC0089A732 /* Resources */,
			);
			buildRules = (
			);
			dependencies = (
			);
			name = SwiftTodos;
			productName = SwiftTodos;
			productReference = 429DB3A51C7BD8DC0089A732 /* SwiftTodos.app */;
			productType = "com.apple.product-type.application";
		};
/* End PBXNativeTarget section */

/* Begin PBXProject section */
		429DB39D1C7BD8DC0089A732 /* Project object */ = {
			isa = PBXProject;
			attributes = {
				LastSwiftUpdateCheck = 0720;
				LastUpgradeCheck = 0720;
				ORGANIZATIONNAME = theMikeSwan;
				TargetAttributes = {
					429DB3A41C7BD8DC0089A732 = {
						CreatedOnToolsVersion = 7.2.1;
					};
				};
			};
			buildConfigurationList = 429DB3A01C7BD8DC0089A732 /* Build configuration list for PBXProject "SwiftTodos" */;
			compatibilityVersion = "Xcode 3.2";
			developmentRegion = English;
			hasScannedForEncodings = 0;
			knownRegions = (
				en,
				Base,
			);
			mainGroup = 429DB39C1C7BD8DC0089A732;
			productRefGroup = 429DB3A61C7BD8DC0089A732 /* Products */;
			projectDirPath = "";
			projectRoot = "";
			targets = (
				429DB3A41C7BD8DC0089A732 /* SwiftTodos */,
			);
		};
/* End PBXProject section */

/* Begin PBXResourcesBuildPhase section */
		429DB3A31C7BD8DC0089A732 /* Resources */ = {
			isa = PBXResourcesBuildPhase;
			buildActionMask = 2147483647;
			files = (
				429DB3B61C7BD8DC0089A732 /* LaunchScreen.storyboard in Resources */,
				429DB3C61C7BE7900089A732 /* NotDone.png in Resources */,
				429DB3C51C7BE7900089A732 /* Done.png in Resources */,
				429DB3B31C7BD8DC0089A732 /* Assets.xcassets in Resources */,
				429DB3AE1C7BD8DC0089A732 /* Main.storyboard in Resources */,
			);
			runOnlyForDeploymentPostprocessing = 0;
		};
/* End PBXResourcesBuildPhase section */

/* Begin PBXSourcesBuildPhase section */
		429DB3A11C7BD8DC0089A732 /* Sources */ = {
			isa = PBXSourcesBuildPhase;
			buildActionMask = 2147483647;
			files = (
				429DB3CA1C7BEBDD0089A732 /* CategoryTableViewController.swift in Sources */,
				429DB3D01C7BEC150089A732 /* TodoDetailViewController.swift in Sources */,
				429DB3B11C7BD8DC0089A732 /* SwiftTodos.xcdatamodeld in Sources */,
				42A1A2A21C83A2D5002A0F5F /* CategoryDetailDataSource.swift in Sources */,
				429DB3DB1C7BEE440089A732 /* Todo+CoreDataProperties.swift in Sources */,
				429DB3DC1C7BEE440089A732 /* Todo.swift in Sources */,
				429DB3C81C7BEBCF0089A732 /* TodoTableViewController.swift in Sources */,
				42A1A2A81C83D552002A0F5F /* enums.swift in Sources */,
				429DB3CC1C7BEBF20089A732 /* TodoTableViewCell.swift in Sources */,
				42A1A2A01C837A36002A0F5F /* EntityTableViewDataSource.swift in Sources */,
				42A1A2A41C83A5F2002A0F5F /* EntityPickerViewDataSource.swift in Sources */,
				42A1A29E1C837A0B002A0F5F /* EntityDataSource.swift in Sources */,
				429DB3C11C7BDE0E0089A732 /* EntityTableViewCell.swift in Sources */,
				429DB3A91C7BD8DC0089A732 /* AppDelegate.swift in Sources */,
				429DB3D41C7BEC370089A732 /* TodoDataSource.swift in Sources */,
				429DB3DE1C7BEE440089A732 /* TodoCategory.swift in Sources */,
				42A1A2A61C83C2F7002A0F5F /* CategoryPickerViewDataSource.swift in Sources */,
				429DB3D21C7BEC210089A732 /* CategoryDetailViewController.swift in Sources */,
				429DB3CE1C7BEBFC0089A732 /* CategoryTableViewCell.swift in Sources */,
				429DB3D61C7BEC440089A732 /* CategoryDataSource.swift in Sources */,
				429DB3DD1C7BEE440089A732 /* TodoCategory+CoreDataProperties.swift in Sources */,
			);
			runOnlyForDeploymentPostprocessing = 0;
		};
/* End PBXSourcesBuildPhase section */

/* Begin PBXVariantGroup section */
		429DB3AC1C7BD8DC0089A732 /* Main.storyboard */ = {
			isa = PBXVariantGroup;
			children = (
				429DB3AD1C7BD8DC0089A732 /* Base */,
			);
			name = Main.storyboard;
			sourceTree = "<group>";
		};
		429DB3B41C7BD8DC0089A732 /* LaunchScreen.storyboard */ = {
			isa = PBXVariantGroup;
			children = (
				429DB3B51C7BD8DC0089A732 /* Base */,
			);
			name = LaunchScreen.storyboard;
			sourceTree = "<group>";
		};
/* End PBXVariantGroup section */

/* Begin XCBuildConfiguration section */
		429DB3B81C7BD8DC0089A732 /* Debug */ = {
			isa = XCBuildConfiguration;
			buildSettings = {
				ALWAYS_SEARCH_USER_PATHS = NO;
				CLANG_CXX_LANGUAGE_STANDARD = "gnu++0x";
				CLANG_CXX_LIBRARY = "libc++";
				CLANG_ENABLE_MODULES = YES;
				CLANG_ENABLE_OBJC_ARC = YES;
				CLANG_WARN_BOOL_CONVERSION = YES;
				CLANG_WARN_CONSTANT_CONVERSION = YES;
				CLANG_WARN_DIRECT_OBJC_ISA_USAGE = YES_ERROR;
				CLANG_WARN_EMPTY_BODY = YES;
				CLANG_WARN_ENUM_CONVERSION = YES;
				CLANG_WARN_INT_CONVERSION = YES;
				CLANG_WARN_OBJC_ROOT_CLASS = YES_ERROR;
				CLANG_WARN_UNREACHABLE_CODE = YES;
				CLANG_WARN__DUPLICATE_METHOD_MATCH = YES;
				"CODE_SIGN_IDENTITY[sdk=iphoneos*]" = "iPhone Developer";
				COPY_PHASE_STRIP = NO;
				DEBUG_INFORMATION_FORMAT = dwarf;
				ENABLE_STRICT_OBJC_MSGSEND = YES;
				ENABLE_TESTABILITY = YES;
				GCC_C_LANGUAGE_STANDARD = gnu99;
				GCC_DYNAMIC_NO_PIC = NO;
				GCC_NO_COMMON_BLOCKS = YES;
				GCC_OPTIMIZATION_LEVEL = 0;
				GCC_PREPROCESSOR_DEFINITIONS = (
					"DEBUG=1",
					"$(inherited)",
				);
				GCC_WARN_64_TO_32_BIT_CONVERSION = YES;
				GCC_WARN_ABOUT_RETURN_TYPE = YES_ERROR;
				GCC_WARN_UNDECLARED_SELECTOR = YES;
				GCC_WARN_UNINITIALIZED_AUTOS = YES_AGGRESSIVE;
				GCC_WARN_UNUSED_FUNCTION = YES;
				GCC_WARN_UNUSED_VARIABLE = YES;
				IPHONEOS_DEPLOYMENT_TARGET = 9.2;
				MTL_ENABLE_DEBUG_INFO = YES;
				ONLY_ACTIVE_ARCH = YES;
				SDKROOT = iphoneos;
				SWIFT_OPTIMIZATION_LEVEL = "-Onone";
				TARGETED_DEVICE_FAMILY = "1,2";
			};
			name = Debug;
		};
		429DB3B91C7BD8DC0089A732 /* Release */ = {
			isa = XCBuildConfiguration;
			buildSettings = {
				ALWAYS_SEARCH_USER_PATHS = NO;
				CLANG_CXX_LANGUAGE_STANDARD = "gnu++0x";
				CLANG_CXX_LIBRARY = "libc++";
				CLANG_ENABLE_MODULES = YES;
				CLANG_ENABLE_OBJC_ARC = YES;
				CLANG_WARN_BOOL_CONVERSION = YES;
				CLANG_WARN_CONSTANT_CONVERSION = YES;
				CLANG_WARN_DIRECT_OBJC_ISA_USAGE = YES_ERROR;
				CLANG_WARN_EMPTY_BODY = YES;
				CLANG_WARN_ENUM_CONVERSION = YES;
				CLANG_WARN_INT_CONVERSION = YES;
				CLANG_WARN_OBJC_ROOT_CLASS = YES_ERROR;
				CLANG_WARN_UNREACHABLE_CODE = YES;
				CLANG_WARN__DUPLICATE_METHOD_MATCH = YES;
				"CODE_SIGN_IDENTITY[sdk=iphoneos*]" = "iPhone Developer";
				COPY_PHASE_STRIP = NO;
				DEBUG_INFORMATION_FORMAT = "dwarf-with-dsym";
				ENABLE_NS_ASSERTIONS = NO;
				ENABLE_STRICT_OBJC_MSGSEND = YES;
				GCC_C_LANGUAGE_STANDARD = gnu99;
				GCC_NO_COMMON_BLOCKS = YES;
				GCC_WARN_64_TO_32_BIT_CONVERSION = YES;
				GCC_WARN_ABOUT_RETURN_TYPE = YES_ERROR;
				GCC_WARN_UNDECLARED_SELECTOR = YES;
				GCC_WARN_UNINITIALIZED_AUTOS = YES_AGGRESSIVE;
				GCC_WARN_UNUSED_FUNCTION = YES;
				GCC_WARN_UNUSED_VARIABLE = YES;
				IPHONEOS_DEPLOYMENT_TARGET = 9.2;
				MTL_ENABLE_DEBUG_INFO = NO;
				SDKROOT = iphoneos;
				TARGETED_DEVICE_FAMILY = "1,2";
				VALIDATE_PRODUCT = YES;
			};
			name = Release;
		};
		429DB3BB1C7BD8DC0089A732 /* Debug */ = {
			isa = XCBuildConfiguration;
			buildSettings = {
				ASSETCATALOG_COMPILER_APPICON_NAME = AppIcon;
				INFOPLIST_FILE = SwiftTodos/Info.plist;
				LD_RUNPATH_SEARCH_PATHS = "$(inherited) @executable_path/Frameworks";
				PRODUCT_BUNDLE_IDENTIFIER = com.theMikeSwan.SwiftTodos;
				PRODUCT_NAME = "$(TARGET_NAME)";
			};
			name = Debug;
		};
		429DB3BC1C7BD8DC0089A732 /* Release */ = {
			isa = XCBuildConfiguration;
			buildSettings = {
				ASSETCATALOG_COMPILER_APPICON_NAME = AppIcon;
				INFOPLIST_FILE = SwiftTodos/Info.plist;
				LD_RUNPATH_SEARCH_PATHS = "$(inherited) @executable_path/Frameworks";
				PRODUCT_BUNDLE_IDENTIFIER = com.theMikeSwan.SwiftTodos;
				PRODUCT_NAME = "$(TARGET_NAME)";
			};
			name = Release;
		};
/* End XCBuildConfiguration section */

/* Begin XCConfigurationList section */
		429DB3A01C7BD8DC0089A732 /* Build configuration list for PBXProject "SwiftTodos" */ = {
			isa = XCConfigurationList;
			buildConfigurations = (
				429DB3B81C7BD8DC0089A732 /* Debug */,
				429DB3B91C7BD8DC0089A732 /* Release */,
			);
			defaultConfigurationIsVisible = 0;
			defaultConfigurationName = Release;
		};
		429DB3BA1C7BD8DC0089A732 /* Build configuration list for PBXNativeTarget "SwiftTodos" */ = {
			isa = XCConfigurationList;
			buildConfigurations = (
				429DB3BB1C7BD8DC0089A732 /* Debug */,
				429DB3BC1C7BD8DC0089A732 /* Release */,
			);
			defaultConfigurationIsVisible = 0;
			defaultConfigurationName = Release;
		};
/* End XCConfigurationList section */

/* Begin XCVersionGroup section */
		429DB3AF1C7BD8DC0089A732 /* SwiftTodos.xcdatamodeld */ = {
			isa = XCVersionGroup;
			children = (
				429DB3B01C7BD8DC0089A732 /* SwiftTodos.xcdatamodel */,
			);
			currentVersion = 429DB3B01C7BD8DC0089A732 /* SwiftTodos.xcdatamodel */;
			path = SwiftTodos.xcdatamodeld;
			sourceTree = "<group>";
			versionGroupType = wrapper.xcdatamodel;
		};
/* End XCVersionGroup section */
	};
	rootObject = 429DB39D1C7BD8DC0089A732 /* Project object */;
}
